
Microsoft Visual Studio Solution File, Format Version 12.00
# Visual Studio Version 17
VisualStudioVersion = 17.2.32602.215
MinimumVisualStudioVersion = 10.0.40219.1
Project("{FAE04EC0-301F-11D3-BF4B-00C04F79EFBC}") = "hydra-esrmnt-durable-af", "hydra-esrmnt-durable-af\hydra-esrmnt-durable-af.csproj", "{A03B4672-0734-4689-A25B-42DC0D25B2E7}"
EndProject
Global
	GlobalSection(SolutionConfigurationPlatforms) = preSolution
		Debug|Any CPU = Debug|Any CPU
		Release|Any CPU = Release|Any CPU
	EndGlobalSection
	GlobalSection(ProjectConfigurationPlatforms) = postSolution
		{A03B4672-0734-4689-A25B-42DC0D25B2E7}.Debug|Any CPU.ActiveCfg = Debug|Any CPU
		{A03B4672-0734-4689-A25B-42DC0D25B2E7}.Debug|Any CPU.Build.0 = Debug|Any CPU
		{A03B4672-0734-4689-A25B-42DC0D25B2E7}.Release|Any CPU.ActiveCfg = Release|Any CPU
		{A03B4672-0734-4689-A25B-42DC0D25B2E7}.Release|Any CPU.Build.0 = Release|Any CPU
	EndGlobalSection
	GlobalSection(SolutionProperties) = preSolution
		HideSolutionNode = FALSE
	EndGlobalSection
	GlobalSection(ExtensibilityGlobals) = postSolution
		SolutionGuid = {2B68B049-75E3-49DB-AE6B-1753B66D1ED7}
	EndGlobalSection
EndGlobal
